// !$*UTF8*$!
{
	archiveVersion = 1;
	classes = {
	};
	objectVersion = 50;
	objects = {

/* Begin PBXBuildFile section */
		268556B92186B28A00114905 /* AppDelegate.m in Sources */ = {isa = PBXBuildFile; fileRef = 268556B82186B28A00114905 /* AppDelegate.m */; };
		268556BF2186B28A00114905 /* Main.storyboard in Resources */ = {isa = PBXBuildFile; fileRef = 268556BD2186B28A00114905 /* Main.storyboard */; };
		268556C12186B28B00114905 /* Assets.xcassets in Resources */ = {isa = PBXBuildFile; fileRef = 268556C02186B28B00114905 /* Assets.xcassets */; };
		268556C42186B28B00114905 /* LaunchScreen.storyboard in Resources */ = {isa = PBXBuildFile; fileRef = 268556C22186B28B00114905 /* LaunchScreen.storyboard */; };
		268556C72186B28B00114905 /* main.m in Sources */ = {isa = PBXBuildFile; fileRef = 268556C62186B28B00114905 /* main.m */; };
		268556D12186B28B00114905 /* YPWordToAudioDemoTests.m in Sources */ = {isa = PBXBuildFile; fileRef = 268556D02186B28B00114905 /* YPWordToAudioDemoTests.m */; };
		268556DC2186B28B00114905 /* YPWordToAudioDemoUITests.m in Sources */ = {isa = PBXBuildFile; fileRef = 268556DB2186B28B00114905 /* YPWordToAudioDemoUITests.m */; };
		268556EC2186B29A00114905 /* YPWordsToAudioTool.m in Sources */ = {isa = PBXBuildFile; fileRef = 268556EA2186B29A00114905 /* YPWordsToAudioTool.m */; };
		268556EF2186B2BE00114905 /* ViewController.m in Sources */ = {isa = PBXBuildFile; fileRef = 268556ED2186B2BE00114905 /* ViewController.m */; };
/* End PBXBuildFile section */

/* Begin PBXContainerItemProxy section */
		268556CD2186B28B00114905 /* PBXContainerItemProxy */ = {
			isa = PBXContainerItemProxy;
			containerPortal = 268556AC2186B28A00114905 /* Project object */;
			proxyType = 1;
			remoteGlobalIDString = 268556B32186B28A00114905;
			remoteInfo = YPWordToAudioDemo;
		};
		268556D82186B28B00114905 /* PBXContainerItemProxy */ = {
			isa = PBXContainerItemProxy;
			containerPortal = 268556AC2186B28A00114905 /* Project object */;
			proxyType = 1;
			remoteGlobalIDString = 268556B32186B28A00114905;
			remoteInfo = YPWordToAudioDemo;
		};
/* End PBXContainerItemProxy section */

/* Begin PBXFileReference section */
		268556B42186B28A00114905 /* YPWordToAudioDemo.app */ = {isa = PBXFileReference; explicitFileType = wrapper.application; includeInIndex = 0; path = YPWordToAudioDemo.app; sourceTree = BUILT_PRODUCTS_DIR; };
		268556B72186B28A00114905 /* AppDelegate.h */ = {isa = PBXFileReference; lastKnownFileType = sourcecode.c.h; path = AppDelegate.h; sourceTree = "<group>"; };
		268556B82186B28A00114905 /* AppDelegate.m */ = {isa = PBXFileReference; lastKnownFileType = sourcecode.c.objc; path = AppDelegate.m; sourceTree = "<group>"; };
		268556BE2186B28A00114905 /* Base */ = {isa = PBXFileReference; lastKnownFileType = file.storyboard; name = Base; path = Base.lproj/Main.storyboard; sourceTree = "<group>"; };
		268556C02186B28B00114905 /* Assets.xcassets */ = {isa = PBXFileReference; lastKnownFileType = folder.assetcatalog; path = Assets.xcassets; sourceTree = "<group>"; };
		268556C32186B28B00114905 /* Base */ = {isa = PBXFileReference; lastKnownFileType = file.storyboard; name = Base; path = Base.lproj/LaunchScreen.storyboard; sourceTree = "<group>"; };
		268556C52186B28B00114905 /* Info.plist */ = {isa = PBXFileReference; lastKnownFileType = text.plist.xml; path = Info.plist; sourceTree = "<group>"; };
		268556C62186B28B00114905 /* main.m */ = {isa = PBXFileReference; lastKnownFileType = sourcecode.c.objc; path = main.m; sourceTree = "<group>"; };
		268556CC2186B28B00114905 /* YPWordToAudioDemoTests.xctest */ = {isa = PBXFileReference; explicitFileType = wrapper.cfbundle; includeInIndex = 0; path = YPWordToAudioDemoTests.xctest; sourceTree = BUILT_PRODUCTS_DIR; };
		268556D02186B28B00114905 /* YPWordToAudioDemoTests.m */ = {isa = PBXFileReference; lastKnownFileType = sourcecode.c.objc; path = YPWordToAudioDemoTests.m; sourceTree = "<group>"; };
		268556D22186B28B00114905 /* Info.plist */ = {isa = PBXFileReference; lastKnownFileType = text.plist.xml; path = Info.plist; sourceTree = "<group>"; };
		268556D72186B28B00114905 /* YPWordToAudioDemoUITests.xctest */ = {isa = PBXFileReference; explicitFileType = wrapper.cfbundle; includeInIndex = 0; path = YPWordToAudioDemoUITests.xctest; sourceTree = BUILT_PRODUCTS_DIR; };
		268556DB2186B28B00114905 /* YPWordToAudioDemoUITests.m */ = {isa = PBXFileReference; lastKnownFileType = sourcecode.c.objc; path = YPWordToAudioDemoUITests.m; sourceTree = "<group>"; };
		268556DD2186B28B00114905 /* Info.plist */ = {isa = PBXFileReference; lastKnownFileType = text.plist.xml; path = Info.plist; sourceTree = "<group>"; };
		268556EA2186B29A00114905 /* YPWordsToAudioTool.m */ = {isa = PBXFileReference; fileEncoding = 4; lastKnownFileType = sourcecode.c.objc; path = YPWordsToAudioTool.m; sourceTree = "<group>"; };
		268556EB2186B29A00114905 /* YPWordsToAudioTool.h */ = {isa = PBXFileReference; fileEncoding = 4; lastKnownFileType = sourcecode.c.h; path = YPWordsToAudioTool.h; sourceTree = "<group>"; };
		268556ED2186B2BE00114905 /* ViewController.m */ = {isa = PBXFileReference; fileEncoding = 4; lastKnownFileType = sourcecode.c.objc; path = ViewController.m; sourceTree = "<group>"; };
		268556EE2186B2BE00114905 /* ViewController.h */ = {isa = PBXFileReference; fileEncoding = 4; lastKnownFileType = sourcecode.c.h; path = ViewController.h; sourceTree = "<group>"; };
/* End PBXFileReference section */

/* Begin PBXFrameworksBuildPhase section */
		268556B12186B28A00114905 /* Frameworks */ = {
			isa = PBXFrameworksBuildPhase;
			buildActionMask = 2147483647;
			files = (
			);
			runOnlyForDeploymentPostprocessing = 0;
		};
		268556C92186B28B00114905 /* Frameworks */ = {
			isa = PBXFrameworksBuildPhase;
			buildActionMask = 2147483647;
			files = (
			);
			runOnlyForDeploymentPostprocessing = 0;
		};
		268556D42186B28B00114905 /* Frameworks */ = {
			isa = PBXFrameworksBuildPhase;
			buildActionMask = 2147483647;
			files = (
			);
			runOnlyForDeploymentPostprocessing = 0;
		};
/* End PBXFrameworksBuildPhase section */

/* Begin PBXGroup section */
		268556AB2186B28A00114905 = {
			isa = PBXGroup;
			children = (
				268556E92186B29A00114905 /* YPWordToAudioTool */,
				268556B62186B28A00114905 /* YPWordToAudioDemo */,
				268556CF2186B28B00114905 /* YPWordToAudioDemoTests */,
				268556DA2186B28B00114905 /* YPWordToAudioDemoUITests */,
				268556B52186B28A00114905 /* Products */,
			);
			sourceTree = "<group>";
		};
		268556B52186B28A00114905 /* Products */ = {
			isa = PBXGroup;
			children = (
				268556B42186B28A00114905 /* YPWordToAudioDemo.app */,
				268556CC2186B28B00114905 /* YPWordToAudioDemoTests.xctest */,
				268556D72186B28B00114905 /* YPWordToAudioDemoUITests.xctest */,
			);
			name = Products;
			sourceTree = "<group>";
		};
		268556B62186B28A00114905 /* YPWordToAudioDemo */ = {
			isa = PBXGroup;
			children = (
				268556B72186B28A00114905 /* AppDelegate.h */,
				268556B82186B28A00114905 /* AppDelegate.m */,
				268556EE2186B2BE00114905 /* ViewController.h */,
				268556ED2186B2BE00114905 /* ViewController.m */,
				268556BD2186B28A00114905 /* Main.storyboard */,
				268556C02186B28B00114905 /* Assets.xcassets */,
				268556C22186B28B00114905 /* LaunchScreen.storyboard */,
				268556C52186B28B00114905 /* Info.plist */,
				268556C62186B28B00114905 /* main.m */,
			);
			path = YPWordToAudioDemo;
			sourceTree = "<group>";
		};
		268556CF2186B28B00114905 /* YPWordToAudioDemoTests */ = {
			isa = PBXGroup;
			children = (
				268556D02186B28B00114905 /* YPWordToAudioDemoTests.m */,
				268556D22186B28B00114905 /* Info.plist */,
			);
			path = YPWordToAudioDemoTests;
			sourceTree = "<group>";
		};
		268556DA2186B28B00114905 /* YPWordToAudioDemoUITests */ = {
			isa = PBXGroup;
			children = (
				268556DB2186B28B00114905 /* YPWordToAudioDemoUITests.m */,
				268556DD2186B28B00114905 /* Info.plist */,
			);
			path = YPWordToAudioDemoUITests;
			sourceTree = "<group>";
		};
		268556E92186B29A00114905 /* YPWordToAudioTool */ = {
			isa = PBXGroup;
			children = (
				268556EA2186B29A00114905 /* YPWordsToAudioTool.m */,
				268556EB2186B29A00114905 /* YPWordsToAudioTool.h */,
			);
			name = YPWordToAudioTool;
			path = ../YPWordToAudioTool;
			sourceTree = "<group>";
		};
/* End PBXGroup section */

/* Begin PBXNativeTarget section */
		268556B32186B28A00114905 /* YPWordToAudioDemo */ = {
			isa = PBXNativeTarget;
			buildConfigurationList = 268556E02186B28B00114905 /* Build configuration list for PBXNativeTarget "YPWordToAudioDemo" */;
			buildPhases = (
				268556B02186B28A00114905 /* Sources */,
				268556B12186B28A00114905 /* Frameworks */,
				268556B22186B28A00114905 /* Resources */,
			);
			buildRules = (
			);
			dependencies = (
			);
			name = YPWordToAudioDemo;
			productName = YPWordToAudioDemo;
			productReference = 268556B42186B28A00114905 /* YPWordToAudioDemo.app */;
			productType = "com.apple.product-type.application";
		};
		268556CB2186B28B00114905 /* YPWordToAudioDemoTests */ = {
			isa = PBXNativeTarget;
			buildConfigurationList = 268556E32186B28B00114905 /* Build configuration list for PBXNativeTarget "YPWordToAudioDemoTests" */;
			buildPhases = (
				268556C82186B28B00114905 /* Sources */,
				268556C92186B28B00114905 /* Frameworks */,
				268556CA2186B28B00114905 /* Resources */,
			);
			buildRules = (
			);
			dependencies = (
				268556CE2186B28B00114905 /* PBXTargetDependency */,
			);
			name = YPWordToAudioDemoTests;
			productName = YPWordToAudioDemoTests;
			productReference = 268556CC2186B28B00114905 /* YPWordToAudioDemoTests.xctest */;
			productType = "com.apple.product-type.bundle.unit-test";
		};
		268556D62186B28B00114905 /* YPWordToAudioDemoUITests */ = {
			isa = PBXNativeTarget;
			buildConfigurationList = 268556E62186B28B00114905 /* Build configuration list for PBXNativeTarget "YPWordToAudioDemoUITests" */;
			buildPhases = (
				268556D32186B28B00114905 /* Sources */,
				268556D42186B28B00114905 /* Frameworks */,
				268556D52186B28B00114905 /* Resources */,
			);
			buildRules = (
			);
			dependencies = (
				268556D92186B28B00114905 /* PBXTargetDependency */,
			);
			name = YPWordToAudioDemoUITests;
			productName = YPWordToAudioDemoUITests;
			productReference = 268556D72186B28B00114905 /* YPWordToAudioDemoUITests.xctest */;
			productType = "com.apple.product-type.bundle.ui-testing";
		};
/* End PBXNativeTarget section */

/* Begin PBXProject section */
		268556AC2186B28A00114905 /* Project object */ = {
			isa = PBXProject;
			attributes = {
				LastUpgradeCheck = 0940;
				ORGANIZATIONNAME = Zyp;
				TargetAttributes = {
					268556B32186B28A00114905 = {
						CreatedOnToolsVersion = 9.4.1;
					};
					268556CB2186B28B00114905 = {
						CreatedOnToolsVersion = 9.4.1;
						TestTargetID = 268556B32186B28A00114905;
					};
					268556D62186B28B00114905 = {
						CreatedOnToolsVersion = 9.4.1;
						TestTargetID = 268556B32186B28A00114905;
					};
				};
			};
			buildConfigurationList = 268556AF2186B28A00114905 /* Build configuration list for PBXProject "YPWordToAudioDemo" */;
			compatibilityVersion = "Xcode 9.3";
			developmentRegion = en;
			hasScannedForEncodings = 0;
			knownRegions = (
				en,
				Base,
			);
			mainGroup = 268556AB2186B28A00114905;
			productRefGroup = 268556B52186B28A00114905 /* Products */;
			projectDirPath = "";
			projectRoot = "";
			targets = (
				268556B32186B28A00114905 /* YPWordToAudioDemo */,
				268556CB2186B28B00114905 /* YPWordToAudioDemoTests */,
				268556D62186B28B00114905 /* YPWordToAudioDemoUITests */,
			);
		};
/* End PBXProject section */

/* Begin PBXResourcesBuildPhase section */
		268556B22186B28A00114905 /* Resources */ = {
			isa = PBXResourcesBuildPhase;
			buildActionMask = 2147483647;
			files = (
				268556C42186B28B00114905 /* LaunchScreen.storyboard in Resources */,
				268556C12186B28B00114905 /* Assets.xcassets in Resources */,
				268556BF2186B28A00114905 /* Main.storyboard in Resources */,
			);
			runOnlyForDeploymentPostprocessing = 0;
		};
		268556CA2186B28B00114905 /* Resources */ = {
			isa = PBXResourcesBuildPhase;
			buildActionMask = 2147483647;
			files = (
			);
			runOnlyForDeploymentPostprocessing = 0;
		};
		268556D52186B28B00114905 /* Resources */ = {
			isa = PBXResourcesBuildPhase;
			buildActionMask = 2147483647;
			files = (
			);
			runOnlyForDeploymentPostprocessing = 0;
		};
/* End PBXResourcesBuildPhase section */

/* Begin PBXSourcesBuildPhase section */
		268556B02186B28A00114905 /* Sources */ = {
			isa = PBXSourcesBuildPhase;
			buildActionMask = 2147483647;
			files = (
				268556C72186B28B00114905 /* main.m in Sources */,
				268556EC2186B29A00114905 /* YPWordsToAudioTool.m in Sources */,
				268556EF2186B2BE00114905 /* ViewController.m in Sources */,
				268556B92186B28A00114905 /* AppDelegate.m in Sources */,
			);
			runOnlyForDeploymentPostprocessing = 0;
		};
		268556C82186B28B00114905 /* Sources */ = {
			isa = PBXSourcesBuildPhase;
			buildActionMask = 2147483647;
			files = (
				268556D12186B28B00114905 /* YPWordToAudioDemoTests.m in Sources */,
			);
			runOnlyForDeploymentPostprocessing = 0;
		};
		268556D32186B28B00114905 /* Sources */ = {
			isa = PBXSourcesBuildPhase;
			buildActionMask = 2147483647;
			files = (
				268556DC2186B28B00114905 /* YPWordToAudioDemoUITests.m in Sources */,
			);
			runOnlyForDeploymentPostprocessing = 0;
		};
/* End PBXSourcesBuildPhase section */

/* Begin PBXTargetDependency section */
		268556CE2186B28B00114905 /* PBXTargetDependency */ = {
			isa = PBXTargetDependency;
			target = 268556B32186B28A00114905 /* YPWordToAudioDemo */;
			targetProxy = 268556CD2186B28B00114905 /* PBXContainerItemProxy */;
		};
		268556D92186B28B00114905 /* PBXTargetDependency */ = {
			isa = PBXTargetDependency;
			target = 268556B32186B28A00114905 /* YPWordToAudioDemo */;
			targetProxy = 268556D82186B28B00114905 /* PBXContainerItemProxy */;
		};
/* End PBXTargetDependency section */

/* Begin PBXVariantGroup section */
		268556BD2186B28A00114905 /* Main.storyboard */ = {
			isa = PBXVariantGroup;
			children = (
				268556BE2186B28A00114905 /* Base */,
			);
			name = Main.storyboard;
			sourceTree = "<group>";
		};
		268556C22186B28B00114905 /* LaunchScreen.storyboard */ = {
			isa = PBXVariantGroup;
			children = (
				268556C32186B28B00114905 /* Base */,
			);
			name = LaunchScreen.storyboard;
			sourceTree = "<group>";
		};
/* End PBXVariantGroup section */

/* Begin XCBuildConfiguration section */
		268556DE2186B28B00114905 /* Debug */ = {
			isa = XCBuildConfiguration;
			buildSettings = {
				ALWAYS_SEARCH_USER_PATHS = NO;
				CLANG_ANALYZER_NONNULL = YES;
				CLANG_ANALYZER_NUMBER_OBJECT_CONVERSION = YES_AGGRESSIVE;
				CLANG_CXX_LANGUAGE_STANDARD = "gnu++14";
				CLANG_CXX_LIBRARY = "libc++";
				CLANG_ENABLE_MODULES = YES;
				CLANG_ENABLE_OBJC_ARC = YES;
				CLANG_ENABLE_OBJC_WEAK = YES;
				CLANG_WARN_BLOCK_CAPTURE_AUTORELEASING = YES;
				CLANG_WARN_BOOL_CONVERSION = YES;
				CLANG_WARN_COMMA = YES;
				CLANG_WARN_CONSTANT_CONVERSION = YES;
				CLANG_WARN_DEPRECATED_OBJC_IMPLEMENTATIONS = YES;
				CLANG_WARN_DIRECT_OBJC_ISA_USAGE = YES_ERROR;
				CLANG_WARN_DOCUMENTATION_COMMENTS = YES;
				CLANG_WARN_EMPTY_BODY = YES;
				CLANG_WARN_ENUM_CONVERSION = YES;
				CLANG_WARN_INFINITE_RECURSION = YES;
				CLANG_WARN_INT_CONVERSION = YES;
				CLANG_WARN_NON_LITERAL_NULL_CONVERSION = YES;
				CLANG_WARN_OBJC_IMPLICIT_RETAIN_SELF = YES;
				CLANG_WARN_OBJC_LITERAL_CONVERSION = YES;
				CLANG_WARN_OBJC_ROOT_CLASS = YES_ERROR;
				CLANG_WARN_RANGE_LOOP_ANALYSIS = YES;
				CLANG_WARN_STRICT_PROTOTYPES = YES;
				CLANG_WARN_SUSPICIOUS_MOVE = YES;
				CLANG_WARN_UNGUARDED_AVAILABILITY = YES_AGGRESSIVE;
				CLANG_WARN_UNREACHABLE_CODE = YES;
				CLANG_WARN__DUPLICATE_METHOD_MATCH = YES;
				CODE_SIGN_IDENTITY = "iPhone Developer";
				COPY_PHASE_STRIP = NO;
				DEBUG_INFORMATION_FORMAT = dwarf;
				ENABLE_STRICT_OBJC_MSGSEND = YES;
				ENABLE_TESTABILITY = YES;
				GCC_C_LANGUAGE_STANDARD = gnu11;
				GCC_DYNAMIC_NO_PIC = NO;
				GCC_NO_COMMON_BLOCKS = YES;
				GCC_OPTIMIZATION_LEVEL = 0;
				GCC_PREPROCESSOR_DEFINITIONS = (
					"DEBUG=1",
					"$(inherited)",
				);
				GCC_WARN_64_TO_32_BIT_CONVERSION = YES;
				GCC_WARN_ABOUT_RETURN_TYPE = YES_ERROR;
				GCC_WARN_UNDECLARED_SELECTOR = YES;
				GCC_WARN_UNINITIALIZED_AUTOS = YES_AGGRESSIVE;
				GCC_WARN_UNUSED_FUNCTION = YES;
				GCC_WARN_UNUSED_VARIABLE = YES;
				IPHONEOS_DEPLOYMENT_TARGET = 8.0;
				MTL_ENABLE_DEBUG_INFO = YES;
				ONLY_ACTIVE_ARCH = YES;
				SDKROOT = iphoneos;
			};
			name = Debug;
		};
		268556DF2186B28B00114905 /* Release */ = {
			isa = XCBuildConfiguration;
			buildSettings = {
				ALWAYS_SEARCH_USER_PATHS = NO;
				CLANG_ANALYZER_NONNULL = YES;
				CLANG_ANALYZER_NUMBER_OBJECT_CONVERSION = YES_AGGRESSIVE;
				CLANG_CXX_LANGUAGE_STANDARD = "gnu++14";
				CLANG_CXX_LIBRARY = "libc++";
				CLANG_ENABLE_MODULES = YES;
				CLANG_ENABLE_OBJC_ARC = YES;
				CLANG_ENABLE_OBJC_WEAK = YES;
				CLANG_WARN_BLOCK_CAPTURE_AUTORELEASING = YES;
				CLANG_WARN_BOOL_CONVERSION = YES;
				CLANG_WARN_COMMA = YES;
				CLANG_WARN_CONSTANT_CONVERSION = YES;
				CLANG_WARN_DEPRECATED_OBJC_IMPLEMENTATIONS = YES;
				CLANG_WARN_DIRECT_OBJC_ISA_USAGE = YES_ERROR;
				CLANG_WARN_DOCUMENTATION_COMMENTS = YES;
				CLANG_WARN_EMPTY_BODY = YES;
				CLANG_WARN_ENUM_CONVERSION = YES;
				CLANG_WARN_INFINITE_RECURSION = YES;
				CLANG_WARN_INT_CONVERSION = YES;
				CLANG_WARN_NON_LITERAL_NULL_CONVERSION = YES;
				CLANG_WARN_OBJC_IMPLICIT_RETAIN_SELF = YES;
				CLANG_WARN_OBJC_LITERAL_CONVERSION = YES;
				CLANG_WARN_OBJC_ROOT_CLASS = YES_ERROR;
				CLANG_WARN_RANGE_LOOP_ANALYSIS = YES;
				CLANG_WARN_STRICT_PROTOTYPES = YES;
				CLANG_WARN_SUSPICIOUS_MOVE = YES;
				CLANG_WARN_UNGUARDED_AVAILABILITY = YES_AGGRESSIVE;
				CLANG_WARN_UNREACHABLE_CODE = YES;
				CLANG_WARN__DUPLICATE_METHOD_MATCH = YES;
				CODE_SIGN_IDENTITY = "iPhone Developer";
				COPY_PHASE_STRIP = NO;
				DEBUG_INFORMATION_FORMAT = "dwarf-with-dsym";
				ENABLE_NS_ASSERTIONS = NO;
				ENABLE_STRICT_OBJC_MSGSEND = YES;
				GCC_C_LANGUAGE_STANDARD = gnu11;
				GCC_NO_COMMON_BLOCKS = YES;
				GCC_WARN_64_TO_32_BIT_CONVERSION = YES;
				GCC_WARN_ABOUT_RETURN_TYPE = YES_ERROR;
				GCC_WARN_UNDECLARED_SELECTOR = YES;
				GCC_WARN_UNINITIALIZED_AUTOS = YES_AGGRESSIVE;
				GCC_WARN_UNUSED_FUNCTION = YES;
				GCC_WARN_UNUSED_VARIABLE = YES;
				IPHONEOS_DEPLOYMENT_TARGET = 8.0;
				MTL_ENABLE_DEBUG_INFO = NO;
				SDKROOT = iphoneos;
				VALIDATE_PRODUCT = YES;
			};
			name = Release;
		};
		268556E12186B28B00114905 /* Debug */ = {
			isa = XCBuildConfiguration;
			buildSettings = {
				ASSETCATALOG_COMPILER_APPICON_NAME = AppIcon;
				CODE_SIGN_STYLE = Automatic;
				DEVELOPMENT_TEAM = S56T3B6DT2;
				INFOPLIST_FILE = YPWordToAudioDemo/Info.plist;
				LD_RUNPATH_SEARCH_PATHS = (
					"$(inherited)",
					"@executable_path/Frameworks",
				);
				PRODUCT_BUNDLE_IDENTIFIER = com.zyp.YPWordToAudioDemo;
				PRODUCT_NAME = "$(TARGET_NAME)";
				TARGETED_DEVICE_FAMILY = "1,2";
			};
			name = Debug;
		};
		268556E22186B28B00114905 /* Release */ = {
			isa = XCBuildConfiguration;
			buildSettings = {
				ASSETCATALOG_COMPILER_APPICON_NAME = AppIcon;
				CODE_SIGN_STYLE = Automatic;
				DEVELOPMENT_TEAM = S56T3B6DT2;
				INFOPLIST_FILE = YPWordToAudioDemo/Info.plist;
				LD_RUNPATH_SEARCH_PATHS = (
					"$(inherited)",
					"@executable_path/Frameworks",
				);
				PRODUCT_BUNDLE_IDENTIFIER = com.zyp.YPWordToAudioDemo;
				PRODUCT_NAME = "$(TARGET_NAME)";
				TARGETED_DEVICE_FAMILY = "1,2";
			};
			name = Release;
		};
		268556E42186B28B00114905 /* Debug */ = {
			isa = XCBuildConfiguration;
			buildSettings = {
				BUNDLE_LOADER = "$(TEST_HOST)";
				CODE_SIGN_STYLE = Automatic;
				DEVELOPMENT_TEAM = S56T3B6DT2;
				INFOPLIST_FILE = YPWordToAudioDemoTests/Info.plist;
				LD_RUNPATH_SEARCH_PATHS = (
					"$(inherited)",
					"@executable_path/Frameworks",
					"@loader_path/Frameworks",
				);
				PRODUCT_BUNDLE_IDENTIFIER = Zyp.YPWordToAudioDemoTests;
				PRODUCT_NAME = "$(TARGET_NAME)";
				TARGETED_DEVICE_FAMILY = "1,2";
				TEST_HOST = "$(BUILT_PRODUCTS_DIR)/YPWordToAudioDemo.app/YPWordToAudioDemo";
			};
			name = Debug;
		};
		268556E52186B28B00114905 /* Release */ = {
			isa = XCBuildConfiguration;
			buildSettings = {
				BUNDLE_LOADER = "$(TEST_HOST)";
				CODE_SIGN_STYLE = Automatic;
				DEVELOPMENT_TEAM = S56T3B6DT2;
				INFOPLIST_FILE = YPWordToAudioDemoTests/Info.plist;
				LD_RUNPATH_SEARCH_PATHS = (
					"$(inherited)",
					"@executable_path/Frameworks",
					"@loader_path/Frameworks",
				);
				PRODUCT_BUNDLE_IDENTIFIER = Zyp.YPWordToAudioDemoTests;
				PRODUCT_NAME = "$(TARGET_NAME)";
				TARGETED_DEVICE_FAMILY = "1,2";
				TEST_HOST = "$(BUILT_PRODUCTS_DIR)/YPWordToAudioDemo.app/YPWordToAudioDemo";
			};
			name = Release;
		};
		268556E72186B28B00114905 /* Debug */ = {
			isa = XCBuildConfiguration;
			buildSettings = {
				CODE_SIGN_STYLE = Automatic;
				DEVELOPMENT_TEAM = S56T3B6DT2;
				INFOPLIST_FILE = YPWordToAudioDemoUITests/Info.plist;
				LD_RUNPATH_SEARCH_PATHS = (
					"$(inherited)",
					"@executable_path/Frameworks",
					"@loader_path/Frameworks",
				);
				PRODUCT_BUNDLE_IDENTIFIER = Zyp.YPWordToAudioDemoUITests;
				PRODUCT_NAME = "$(TARGET_NAME)";
				TARGETED_DEVICE_FAMILY = "1,2";
				TEST_TARGET_NAME = YPWordToAudioDemo;
			};
			name = Debug;
		};
		268556E82186B28B00114905 /* Release */ = {
			isa = XCBuildConfiguration;
			buildSettings = {
				CODE_SIGN_STYLE = Automatic;
				DEVELOPMENT_TEAM = S56T3B6DT2;
				INFOPLIST_FILE = YPWordToAudioDemoUITests/Info.plist;
				LD_RUNPATH_SEARCH_PATHS = (
					"$(inherited)",
					"@executable_path/Frameworks",
					"@loader_path/Frameworks",
				);
				PRODUCT_BUNDLE_IDENTIFIER = Zyp.YPWordToAudioDemoUITests;
				PRODUCT_NAME = "$(TARGET_NAME)";
				TARGETED_DEVICE_FAMILY = "1,2";
				TEST_TARGET_NAME = YPWordToAudioDemo;
			};
			name = Release;
		};
/* End XCBuildConfiguration section */

/* Begin XCConfigurationList section */
		268556AF2186B28A00114905 /* Build configuration list for PBXProject "YPWordToAudioDemo" */ = {
			isa = XCConfigurationList;
			buildConfigurations = (
				268556DE2186B28B00114905 /* Debug */,
				268556DF2186B28B00114905 /* Release */,
			);
			defaultConfigurationIsVisible = 0;
			defaultConfigurationName = Release;
		};
		268556E02186B28B00114905 /* Build configuration list for PBXNativeTarget "YPWordToAudioDemo" */ = {
			isa = XCConfigurationList;
			buildConfigurations = (
				268556E12186B28B00114905 /* Debug */,
				268556E22186B28B00114905 /* Release */,
			);
			defaultConfigurationIsVisible = 0;
			defaultConfigurationName = Release;
		};
		268556E32186B28B00114905 /* Build configuration list for PBXNativeTarget "YPWordToAudioDemoTests" */ = {
			isa = XCConfigurationList;
			buildConfigurations = (
				268556E42186B28B00114905 /* Debug */,
				268556E52186B28B00114905 /* Release */,
			);
			defaultConfigurationIsVisible = 0;
			defaultConfigurationName = Release;
		};
		268556E62186B28B00114905 /* Build configuration list for PBXNativeTarget "YPWordToAudioDemoUITests" */ = {
			isa = XCConfigurationList;
			buildConfigurations = (
				268556E72186B28B00114905 /* Debug */,
				268556E82186B28B00114905 /* Release */,
			);
			defaultConfigurationIsVisible = 0;
			defaultConfigurationName = Release;
		};
/* End XCConfigurationList section */
	};
	rootObject = 268556AC2186B28A00114905 /* Project object */;
}
